{
  "name": "angular2-api-krono",
  "version": "0.0.12",
  "lockfileVersion": 1,
  "requires": true,
  "dependencies": {
    "@angular/common": {
      "version": "2.2.1",
      "resolved": "https://registry.npmjs.org/@angular/common/-/common-2.2.1.tgz",
      "integrity": "sha1-rXmWqGW3sR/DFTY4J/JBSkjGWJw=",
      "dev": true
    },
    "@angular/compiler": {
      "version": "2.2.1",
      "resolved": "https://registry.npmjs.org/@angular/compiler/-/compiler-2.2.1.tgz",
      "integrity": "sha1-Fuf69YjPkSGg9sFtC64oMPTK/cE=",
      "dev": true
    },
    "@angular/compiler-cli": {
      "version": "2.2.1",
      "resolved": "https://registry.npmjs.org/@angular/compiler-cli/-/compiler-cli-2.2.1.tgz",
      "integrity": "sha1-FmRpuIHWOUbMPkXEeofSts2QI4Y=",
      "dev": true,
      "requires": {
        "@angular/tsc-wrapped": "0.3.0",
        "minimist": "1.2.0",
        "reflect-metadata": "0.1.12"
      }
    },
    "@angular/core": {
      "version": "2.2.1",
      "resolved": "https://registry.npmjs.org/@angular/core/-/core-2.2.1.tgz",
      "integrity": "sha1-hv3DSjcKT8/oTtneSzxDVIYSkZw=",
      "dev": true
    },
    "@angular/http": {
      "version": "2.2.1",
      "resolved": "https://registry.npmjs.org/@angular/http/-/http-2.2.1.tgz",
      "integrity": "sha1-FiaISmxfDMYCzp2B50IPzALbM1M="
    },
    "@angular/platform-browser": {
      "version": "2.2.1",
      "resolved": "https://registry.npmjs.org/@angular/platform-browser/-/platform-browser-2.2.1.tgz",
      "integrity": "sha1-1Rs2JgCJ8wVOdF760FmTUj1aUpM=",
      "dev": true
    },
    "@angular/platform-browser-dynamic": {
      "version": "2.2.1",
      "resolved": "https://registry.npmjs.org/@angular/platform-browser-dynamic/-/platform-browser-dynamic-2.2.1.tgz",
      "integrity": "sha1-Vh0ymC/uS2i0dLpHTH88TZS/62w=",
      "dev": true
    },
    "@angular/tsc-wrapped": {
      "version": "0.3.0",
      "resolved": "https://registry.npmjs.org/@angular/tsc-wrapped/-/tsc-wrapped-0.3.0.tgz",
      "integrity": "sha1-mM3rXDjRRbGHwK0Dl6jZiyF/M/I=",
      "dev": true,
      "requires": {
        "tsickle": "0.1.7"
      }
    },
    "@types/node": {
      "version": "6.0.90",
      "resolved": "https://registry.npmjs.org/@types/node/-/node-6.0.90.tgz",
      "integrity": "sha512-tXoGRVdi7wZX7P1VWoV9Wfk0uYDOAHdEYXAttuWgSrN76Q32wQlSrMX0Rgyv3RTEaQY2ZLQrzYHVM2e8rfo8sA==",
      "dev": true
    },
    "amdefine": {
      "version": "1.0.1",
      "resolved": "https://registry.npmjs.org/amdefine/-/amdefine-1.0.1.tgz",
      "integrity": "sha1-SlKCrBZHKek2Gbz9OtFR+BfOkfU=",
      "dev": true
    },
    "angular-2-local-storage": {
      "version": "1.0.1",
      "resolved": "https://registry.npmjs.org/angular-2-local-storage/-/angular-2-local-storage-1.0.1.tgz",
      "integrity": "sha1-O4RskLL//JEk97rMNH8i0EOh46Q="
    },
    "angular2-jwt": {
      "version": "0.2.3",
      "resolved": "https://registry.npmjs.org/angular2-jwt/-/angular2-jwt-0.2.3.tgz",
      "integrity": "sha1-VO/do87tuoX2o3sWXyKsIrit8CE="
    },
    "minimist": {
      "version": "1.2.0",
      "resolved": "https://registry.npmjs.org/minimist/-/minimist-1.2.0.tgz",
      "integrity": "sha512-7Wl+Jz+IGWuSdgsQEJ4JunV0si/iMhg42MnQQG6h1R6TNeVenp4U9x5CC5v/gYqz/fENLQITAWXidNtVL0NNbw==",
      "dev": true
    },
    "mkdirp": {
      "version": "0.5.1",
      "resolved": "https://registry.npmjs.org/mkdirp/-/mkdirp-0.5.1.tgz",
      "integrity": "sha512-SknJC52obPfGQPnjIkXbmA6+5H15E+fR+E4iR2oQ3zzCLbd7/ONua69R/Gw7AgkTLsRG+r5fzksYwWe1AgTyWA==",
      "dev": true,
      "requires": {
        "minimist": "0.0.8"
      },
      "dependencies": {
        "minimist": {
          "version": "0.0.8",
          "resolved": "https://registry.npmjs.org/minimist/-/minimist-0.0.8.tgz",
          "integrity": "sha512-miQKw5Hv4NS1Psg2517mV4e4dYNaO3++hjAvLOAzKqZ61rH8NS1SK+vbfBWZ5PY/Me/bEWhUwqMghEW5Fb9T7Q==",
          "dev": true
        }
      }
    },
    "reflect-metadata": {
      "version": "0.1.12",
      "resolved": "https://registry.npmjs.org/reflect-metadata/-/reflect-metadata-0.1.12.tgz",
      "integrity": "sha512-n+IyV+nGz3+0q3/Yf1ra12KpCyi001bi4XFxSjbiWWjfqb52iTTtpGXmCCAOWWIAn9KEuFZKGqBERHmrtScZ3A==",
      "dev": true
    },
    "rxjs": {
      "version": "5.5.0",
      "resolved": "https://registry.npmjs.org/rxjs/-/rxjs-5.5.0.tgz",
      "integrity": "sha512-vmvP5y/oJIJmXKHY36PIjVeI/46Sny6BMBa7/ou2zsNz1PiqU/Gtcz1GujnHz5Qlxncv+J9VlWmttnshqFj3Kg==",
      "dev": true,
      "requires": {
        "symbol-observable": "1.0.4"
      }
    },
    "source-map": {
      "version": "0.4.4",
      "resolved": "https://registry.npmjs.org/source-map/-/source-map-0.4.4.tgz",
      "integrity": "sha1-66T12pwNyZneaAMti092FzZSA2s=",
      "dev": true,
      "requires": {
        "amdefine": "1.0.1"
      }
    },
    "source-map-support": {
      "version": "0.3.3",
      "resolved": "https://registry.npmjs.org/source-map-support/-/source-map-support-0.3.3.tgz",
      "integrity": "sha1-NJAJd9W6PwfHdX7nLnO7GptTdU8=",
      "dev": true,
      "requires": {
        "source-map": "0.1.32"
      },
      "dependencies": {
        "source-map": {
          "version": "0.1.32",
          "resolved": "https://registry.npmjs.org/source-map/-/source-map-0.1.32.tgz",
          "integrity": "sha1-yLbBZ3l7pHQKjqMyUhYv8IWRsmY=",
          "dev": true,
          "requires": {
            "amdefine": "1.0.1"
          }
        }
      }
    },
    "symbol-observable": {
      "version": "1.0.4",
      "resolved": "https://registry.npmjs.org/symbol-observable/-/symbol-observable-1.0.4.tgz",
      "integrity": "sha1-Kb9hXUqnEhvdiYsi1LP5vE4qoD0=",
      "dev": true
    },
    "tsickle": {
      "version": "0.1.7",
      "resolved": "https://registry.npmjs.org/tsickle/-/tsickle-0.1.7.tgz",
      "integrity": "sha1-v+j0zc2vmkC4SnKaOEgML4JPGKs=",
      "dev": true,
      "requires": {
        "minimist": "1.2.0",
        "mkdirp": "0.5.1",
        "source-map": "0.4.4",
        "source-map-support": "0.3.3"
      }
    },
    "typescript": {
      "version": "2.0.9",
      "resolved": "https://registry.npmjs.org/typescript/-/typescript-2.0.9.tgz",
      "integrity": "sha1-tPX+zD9E1ccX87PnwzHlu7FHpT0=",
      "dev": true
    },
    "zone.js": {
      "version": "0.8.18",
      "resolved": "https://registry.npmjs.org/zone.js/-/zone.js-0.8.18.tgz",
      "integrity": "sha512-knKOBQM0oea3/x9pdyDuDi7RhxDlJhOIkeixXSiTKWLgs4LpK37iBc+1HaHwzlciHUKT172CymJFKo8Xgh+44Q==",
      "dev": true
    }
  }
}
